// !$*UTF8*$!
{
	archiveVersion = 1;
	classes = {
	};
	objectVersion = 50;
	objects = {

/* Begin PBXBuildFile section */
		33C38D78C424CFD9A4BA7527 /* Pods_GMap_Apis.framework in Frameworks */ = {isa = PBXBuildFile; fileRef = 8421610DB501911D9C3B9394 /* Pods_GMap_Apis.framework */; };
		8D1EE45D2210AA5F00E6FD99 /* AppDelegate.swift in Sources */ = {isa = PBXBuildFile; fileRef = 8D1EE45C2210AA5F00E6FD99 /* AppDelegate.swift */; };
		8D1EE45F2210AA5F00E6FD99 /* ViewController.swift in Sources */ = {isa = PBXBuildFile; fileRef = 8D1EE45E2210AA5F00E6FD99 /* ViewController.swift */; };
		8D1EE4622210AA5F00E6FD99 /* Main.storyboard in Resources */ = {isa = PBXBuildFile; fileRef = 8D1EE4602210AA5F00E6FD99 /* Main.storyboard */; };
		8D1EE4642210AA5F00E6FD99 /* Assets.xcassets in Resources */ = {isa = PBXBuildFile; fileRef = 8D1EE4632210AA5F00E6FD99 /* Assets.xcassets */; };
		8D1EE4672210AA5F00E6FD99 /* LaunchScreen.storyboard in Resources */ = {isa = PBXBuildFile; fileRef = 8D1EE4652210AA5F00E6FD99 /* LaunchScreen.storyboard */; };
/* End PBXBuildFile section */

/* Begin PBXFileReference section */
		034952FD7758414ABB766CDA /* Pods-GMap_Apis.debug.xcconfig */ = {isa = PBXFileReference; includeInIndex = 1; lastKnownFileType = text.xcconfig; name = "Pods-GMap_Apis.debug.xcconfig"; path = "Target Support Files/Pods-GMap_Apis/Pods-GMap_Apis.debug.xcconfig"; sourceTree = "<group>"; };
		8421610DB501911D9C3B9394 /* Pods_GMap_Apis.framework */ = {isa = PBXFileReference; explicitFileType = wrapper.framework; includeInIndex = 0; path = Pods_GMap_Apis.framework; sourceTree = BUILT_PRODUCTS_DIR; };
		8D1EE4592210AA5F00E6FD99 /* GMap_Apis.app */ = {isa = PBXFileReference; explicitFileType = wrapper.application; includeInIndex = 0; path = GMap_Apis.app; sourceTree = BUILT_PRODUCTS_DIR; };
		8D1EE45C2210AA5F00E6FD99 /* AppDelegate.swift */ = {isa = PBXFileReference; lastKnownFileType = sourcecode.swift; path = AppDelegate.swift; sourceTree = "<group>"; };
		8D1EE45E2210AA5F00E6FD99 /* ViewController.swift */ = {isa = PBXFileReference; lastKnownFileType = sourcecode.swift; path = ViewController.swift; sourceTree = "<group>"; };
		8D1EE4612210AA5F00E6FD99 /* Base */ = {isa = PBXFileReference; lastKnownFileType = file.storyboard; name = Base; path = Base.lproj/Main.storyboard; sourceTree = "<group>"; };
		8D1EE4632210AA5F00E6FD99 /* Assets.xcassets */ = {isa = PBXFileReference; lastKnownFileType = folder.assetcatalog; path = Assets.xcassets; sourceTree = "<group>"; };
		8D1EE4662210AA5F00E6FD99 /* Base */ = {isa = PBXFileReference; lastKnownFileType = file.storyboard; name = Base; path = Base.lproj/LaunchScreen.storyboard; sourceTree = "<group>"; };
		8D1EE4682210AA5F00E6FD99 /* Info.plist */ = {isa = PBXFileReference; lastKnownFileType = text.plist.xml; path = Info.plist; sourceTree = "<group>"; };
		9E46B20318FE3E2DBCC05772 /* Pods-GMap_Apis.release.xcconfig */ = {isa = PBXFileReference; includeInIndex = 1; lastKnownFileType = text.xcconfig; name = "Pods-GMap_Apis.release.xcconfig"; path = "Target Support Files/Pods-GMap_Apis/Pods-GMap_Apis.release.xcconfig"; sourceTree = "<group>"; };
/* End PBXFileReference section */

/* Begin PBXFrameworksBuildPhase section */
		8D1EE4562210AA5F00E6FD99 /* Frameworks */ = {
			isa = PBXFrameworksBuildPhase;
			buildActionMask = 2147483647;
			files = (
				33C38D78C424CFD9A4BA7527 /* Pods_GMap_Apis.framework in Frameworks */,
			);
			runOnlyForDeploymentPostprocessing = 0;
		};
/* End PBXFrameworksBuildPhase section */

/* Begin PBXGroup section */
		8D1EE4502210AA5F00E6FD99 = {
			isa = PBXGroup;
			children = (
				8D1EE45B2210AA5F00E6FD99 /* GMap_Apis */,
				8D1EE45A2210AA5F00E6FD99 /* Products */,
				D4987C18881EBC56B591DB28 /* Pods */,
				9486C850A623AA568E445DE9 /* Frameworks */,
			);
			sourceTree = "<group>";
		};
		8D1EE45A2210AA5F00E6FD99 /* Products */ = {
			isa = PBXGroup;
			children = (
				8D1EE4592210AA5F00E6FD99 /* GMap_Apis.app */,
			);
			name = Products;
			sourceTree = "<group>";
		};
		8D1EE45B2210AA5F00E6FD99 /* GMap_Apis */ = {
			isa = PBXGroup;
			children = (
				8D1EE45C2210AA5F00E6FD99 /* AppDelegate.swift */,
				8D1EE45E2210AA5F00E6FD99 /* ViewController.swift */,
				8D1EE4602210AA5F00E6FD99 /* Main.storyboard */,
				8D1EE4632210AA5F00E6FD99 /* Assets.xcassets */,
				8D1EE4652210AA5F00E6FD99 /* LaunchScreen.storyboard */,
				8D1EE4682210AA5F00E6FD99 /* Info.plist */,
			);
			path = GMap_Apis;
			sourceTree = "<group>";
		};
		9486C850A623AA568E445DE9 /* Frameworks */ = {
			isa = PBXGroup;
			children = (
				8421610DB501911D9C3B9394 /* Pods_GMap_Apis.framework */,
			);
			name = Frameworks;
			sourceTree = "<group>";
		};
		D4987C18881EBC56B591DB28 /* Pods */ = {
			isa = PBXGroup;
			children = (
				034952FD7758414ABB766CDA /* Pods-GMap_Apis.debug.xcconfig */,
				9E46B20318FE3E2DBCC05772 /* Pods-GMap_Apis.release.xcconfig */,
			);
			name = Pods;
			path = Pods;
			sourceTree = "<group>";
		};
/* End PBXGroup section */

/* Begin PBXNativeTarget section */
		8D1EE4582210AA5F00E6FD99 /* GMap_Apis */ = {
			isa = PBXNativeTarget;
			buildConfigurationList = 8D1EE46B2210AA5F00E6FD99 /* Build configuration list for PBXNativeTarget "GMap_Apis" */;
			buildPhases = (
				AAA3872D90A3A2FF1789AB1F /* [CP] Check Pods Manifest.lock */,
				8D1EE4552210AA5F00E6FD99 /* Sources */,
				8D1EE4562210AA5F00E6FD99 /* Frameworks */,
				8D1EE4572210AA5F00E6FD99 /* Resources */,
				29C816EB5ADCA13D5EE62124 /* [CP] Copy Pods Resources */,
			);
			buildRules = (
			);
			dependencies = (
			);
			name = GMap_Apis;
			productName = GMap_Apis;
			productReference = 8D1EE4592210AA5F00E6FD99 /* GMap_Apis.app */;
			productType = "com.apple.product-type.application";
		};
/* End PBXNativeTarget section */

/* Begin PBXProject section */
		8D1EE4512210AA5F00E6FD99 /* Project object */ = {
			isa = PBXProject;
			attributes = {
				LastSwiftUpdateCheck = 1010;
				LastUpgradeCheck = 1010;
				ORGANIZATIONNAME = "Keval Patel";
				TargetAttributes = {
					8D1EE4582210AA5F00E6FD99 = {
						CreatedOnToolsVersion = 10.1;
					};
				};
			};
			buildConfigurationList = 8D1EE4542210AA5F00E6FD99 /* Build configuration list for PBXProject "GMap_Apis" */;
			compatibilityVersion = "Xcode 9.3";
			developmentRegion = en;
			hasScannedForEncodings = 0;
			knownRegions = (
				en,
				Base,
			);
			mainGroup = 8D1EE4502210AA5F00E6FD99;
			productRefGroup = 8D1EE45A2210AA5F00E6FD99 /* Products */;
			projectDirPath = "";
			projectRoot = "";
			targets = (
				8D1EE4582210AA5F00E6FD99 /* GMap_Apis */,
			);
		};
/* End PBXProject section */

/* Begin PBXResourcesBuildPhase section */
		8D1EE4572210AA5F00E6FD99 /* Resources */ = {
			isa = PBXResourcesBuildPhase;
			buildActionMask = 2147483647;
			files = (
				8D1EE4672210AA5F00E6FD99 /* LaunchScreen.storyboard in Resources */,
				8D1EE4642210AA5F00E6FD99 /* Assets.xcassets in Resources */,
				8D1EE4622210AA5F00E6FD99 /* Main.storyboard in Resources */,
			);
			runOnlyForDeploymentPostprocessing = 0;
		};
/* End PBXResourcesBuildPhase section */

/* Begin PBXShellScriptBuildPhase section */
		29C816EB5ADCA13D5EE62124 /* [CP] Copy Pods Resources */ = {
			isa = PBXShellScriptBuildPhase;
			buildActionMask = 2147483647;
			files = (
			);
			inputFileListPaths = (
			);
			inputPaths = (
				"${PODS_ROOT}/Target Support Files/Pods-GMap_Apis/Pods-GMap_Apis-resources.sh",
				"${PODS_ROOT}/GoogleMaps/Maps/Frameworks/GoogleMaps.framework/Resources/GoogleMaps.bundle",
				"${PODS_ROOT}/GooglePlaces/Frameworks/GooglePlaces.framework/Resources/GooglePlaces.bundle",
			);
			name = "[CP] Copy Pods Resources";
			outputFileListPaths = (
			);
			outputPaths = (
				"${TARGET_BUILD_DIR}/${UNLOCALIZED_RESOURCES_FOLDER_PATH}/GoogleMaps.bundle",
				"${TARGET_BUILD_DIR}/${UNLOCALIZED_RESOURCES_FOLDER_PATH}/GooglePlaces.bundle",
			);
			runOnlyForDeploymentPostprocessing = 0;
			shellPath = /bin/sh;
			shellScript = "\"${PODS_ROOT}/Target Support Files/Pods-GMap_Apis/Pods-GMap_Apis-resources.sh\"\n";
			showEnvVarsInLog = 0;
		};
		AAA3872D90A3A2FF1789AB1F /* [CP] Check Pods Manifest.lock */ = {
			isa = PBXShellScriptBuildPhase;
			buildActionMask = 2147483647;
			files = (
			);
			inputFileListPaths = (
			);
			inputPaths = (
				"${PODS_PODFILE_DIR_PATH}/Podfile.lock",
				"${PODS_ROOT}/Manifest.lock",
			);
			name = "[CP] Check Pods Manifest.lock";
			outputFileListPaths = (
			);
			outputPaths = (
				"$(DERIVED_FILE_DIR)/Pods-GMap_Apis-checkManifestLockResult.txt",
			);
			runOnlyForDeploymentPostprocessing = 0;
			shellPath = /bin/sh;
			shellScript = "diff \"${PODS_PODFILE_DIR_PATH}/Podfile.lock\" \"${PODS_ROOT}/Manifest.lock\" > /dev/null\nif [ $? != 0 ] ; then\n    # print error to STDERR\n    echo \"error: The sandbox is not in sync with the Podfile.lock. Run 'pod install' or update your CocoaPods installation.\" >&2\n    exit 1\nfi\n# This output is used by Xcode 'outputs' to avoid re-running this script phase.\necho \"SUCCESS\" > \"${SCRIPT_OUTPUT_FILE_0}\"\n";
			showEnvVarsInLog = 0;
		};
/* End PBXShellScriptBuildPhase section */

/* Begin PBXSourcesBuildPhase section */
		8D1EE4552210AA5F00E6FD99 /* Sources */ = {
			isa = PBXSourcesBuildPhase;
			buildActionMask = 2147483647;
			files = (
				8D1EE45F2210AA5F00E6FD99 /* ViewController.swift in Sources */,
				8D1EE45D2210AA5F00E6FD99 /* AppDelegate.swift in Sources */,
			);
			runOnlyForDeploymentPostprocessing = 0;
		};
/* End PBXSourcesBuildPhase section */

/* Begin PBXVariantGroup section */
		8D1EE4602210AA5F00E6FD99 /* Main.storyboard */ = {
			isa = PBXVariantGroup;
			children = (
				8D1EE4612210AA5F00E6FD99 /* Base */,
			);
			name = Main.storyboard;
			sourceTree = "<group>";
		};
		8D1EE4652210AA5F00E6FD99 /* LaunchScreen.storyboard */ = {
			isa = PBXVariantGroup;
			children = (
				8D1EE4662210AA5F00E6FD99 /* Base */,
			);
			name = LaunchScreen.storyboard;
			sourceTree = "<group>";
		};
/* End PBXVariantGroup section */

/* Begin XCBuildConfiguration section */
		8D1EE4692210AA5F00E6FD99 /* Debug */ = {
			isa = XCBuildConfiguration;
			buildSettings = {
				ALWAYS_SEARCH_USER_PATHS = NO;
				CLANG_ANALYZER_NONNULL = YES;
				CLANG_ANALYZER_NUMBER_OBJECT_CONVERSION = YES_AGGRESSIVE;
				CLANG_CXX_LANGUAGE_STANDARD = "gnu++14";
				CLANG_CXX_LIBRARY = "libc++";
				CLANG_ENABLE_MODULES = YES;
				CLANG_ENABLE_OBJC_ARC = YES;
				CLANG_ENABLE_OBJC_WEAK = YES;
				CLANG_WARN_BLOCK_CAPTURE_AUTORELEASING = YES;
				CLANG_WARN_BOOL_CONVERSION = YES;
				CLANG_WARN_COMMA = YES;
				CLANG_WARN_CONSTANT_CONVERSION = YES;
				CLANG_WARN_DEPRECATED_OBJC_IMPLEMENTATIONS = YES;
				CLANG_WARN_DIRECT_OBJC_ISA_USAGE = YES_ERROR;
				CLANG_WARN_DOCUMENTATION_COMMENTS = YES;
				CLANG_WARN_EMPTY_BODY = YES;
				CLANG_WARN_ENUM_CONVERSION = YES;
				CLANG_WARN_INFINITE_RECURSION = YES;
				CLANG_WARN_INT_CONVERSION = YES;
				CLANG_WARN_NON_LITERAL_NULL_CONVERSION = YES;
				CLANG_WARN_OBJC_IMPLICIT_RETAIN_SELF = YES;
				CLANG_WARN_OBJC_LITERAL_CONVERSION = YES;
				CLANG_WARN_OBJC_ROOT_CLASS = YES_ERROR;
				CLANG_WARN_RANGE_LOOP_ANALYSIS = YES;
				CLANG_WARN_STRICT_PROTOTYPES = YES;
				CLANG_WARN_SUSPICIOUS_MOVE = YES;
				CLANG_WARN_UNGUARDED_AVAILABILITY = YES_AGGRESSIVE;
				CLANG_WARN_UNREACHABLE_CODE = YES;
				CLANG_WARN__DUPLICATE_METHOD_MATCH = YES;
				CODE_SIGN_IDENTITY = "iPhone Developer";
				COPY_PHASE_STRIP = NO;
				DEBUG_INFORMATION_FORMAT = dwarf;
				ENABLE_STRICT_OBJC_MSGSEND = YES;
				ENABLE_TESTABILITY = YES;
				GCC_C_LANGUAGE_STANDARD = gnu11;
				GCC_DYNAMIC_NO_PIC = NO;
				GCC_NO_COMMON_BLOCKS = YES;
				GCC_OPTIMIZATION_LEVEL = 0;
				GCC_PREPROCESSOR_DEFINITIONS = (
					"DEBUG=1",
					"$(inherited)",
				);
				GCC_WARN_64_TO_32_BIT_CONVERSION = YES;
				GCC_WARN_ABOUT_RETURN_TYPE = YES_ERROR;
				GCC_WARN_UNDECLARED_SELECTOR = YES;
				GCC_WARN_UNINITIALIZED_AUTOS = YES_AGGRESSIVE;
				GCC_WARN_UNUSED_FUNCTION = YES;
				GCC_WARN_UNUSED_VARIABLE = YES;
				IPHONEOS_DEPLOYMENT_TARGET = 12.1;
				MTL_ENABLE_DEBUG_INFO = INCLUDE_SOURCE;
				MTL_FAST_MATH = YES;
				ONLY_ACTIVE_ARCH = YES;
				SDKROOT = iphoneos;
				SWIFT_ACTIVE_COMPILATION_CONDITIONS = DEBUG;
				SWIFT_OPTIMIZATION_LEVEL = "-Onone";
			};
			name = Debug;
		};
		8D1EE46A2210AA5F00E6FD99 /* Release */ = {
			isa = XCBuildConfiguration;
			buildSettings = {
				ALWAYS_SEARCH_USER_PATHS = NO;
				CLANG_ANALYZER_NONNULL = YES;
				CLANG_ANALYZER_NUMBER_OBJECT_CONVERSION = YES_AGGRESSIVE;
				CLANG_CXX_LANGUAGE_STANDARD = "gnu++14";
				CLANG_CXX_LIBRARY = "libc++";
				CLANG_ENABLE_MODULES = YES;
				CLANG_ENABLE_OBJC_ARC = YES;
				CLANG_ENABLE_OBJC_WEAK = YES;
				CLANG_WARN_BLOCK_CAPTURE_AUTORELEASING = YES;
				CLANG_WARN_BOOL_CONVERSION = YES;
				CLANG_WARN_COMMA = YES;
				CLANG_WARN_CONSTANT_CONVERSION = YES;
				CLANG_WARN_DEPRECATED_OBJC_IMPLEMENTATIONS = YES;
				CLANG_WARN_DIRECT_OBJC_ISA_USAGE = YES_ERROR;
				CLANG_WARN_DOCUMENTATION_COMMENTS = YES;
				CLANG_WARN_EMPTY_BODY = YES;
				CLANG_WARN_ENUM_CONVERSION = YES;
				CLANG_WARN_INFINITE_RECURSION = YES;
				CLANG_WARN_INT_CONVERSION = YES;
				CLANG_WARN_NON_LITERAL_NULL_CONVERSION = YES;
				CLANG_WARN_OBJC_IMPLICIT_RETAIN_SELF = YES;
				CLANG_WARN_OBJC_LITERAL_CONVERSION = YES;
				CLANG_WARN_OBJC_ROOT_CLASS = YES_ERROR;
				CLANG_WARN_RANGE_LOOP_ANALYSIS = YES;
				CLANG_WARN_STRICT_PROTOTYPES = YES;
				CLANG_WARN_SUSPICIOUS_MOVE = YES;
				CLANG_WARN_UNGUARDED_AVAILABILITY = YES_AGGRESSIVE;
				CLANG_WARN_UNREACHABLE_CODE = YES;
				CLANG_WARN__DUPLICATE_METHOD_MATCH = YES;
				CODE_SIGN_IDENTITY = "iPhone Developer";
				COPY_PHASE_STRIP = NO;
				DEBUG_INFORMATION_FORMAT = "dwarf-with-dsym";
				ENABLE_NS_ASSERTIONS = NO;
				ENABLE_STRICT_OBJC_MSGSEND = YES;
				GCC_C_LANGUAGE_STANDARD = gnu11;
				GCC_NO_COMMON_BLOCKS = YES;
				GCC_WARN_64_TO_32_BIT_CONVERSION = YES;
				GCC_WARN_ABOUT_RETURN_TYPE = YES_ERROR;
				GCC_WARN_UNDECLARED_SELECTOR = YES;
				GCC_WARN_UNINITIALIZED_AUTOS = YES_AGGRESSIVE;
				GCC_WARN_UNUSED_FUNCTION = YES;
				GCC_WARN_UNUSED_VARIABLE = YES;
				IPHONEOS_DEPLOYMENT_TARGET = 12.1;
				MTL_ENABLE_DEBUG_INFO = NO;
				MTL_FAST_MATH = YES;
				SDKROOT = iphoneos;
				SWIFT_COMPILATION_MODE = wholemodule;
				SWIFT_OPTIMIZATION_LEVEL = "-O";
				VALIDATE_PRODUCT = YES;
			};
			name = Release;
		};
		8D1EE46C2210AA5F00E6FD99 /* Debug */ = {
			isa = XCBuildConfiguration;
			baseConfigurationReference = 034952FD7758414ABB766CDA /* Pods-GMap_Apis.debug.xcconfig */;
			buildSettings = {
				ASSETCATALOG_COMPILER_APPICON_NAME = AppIcon;
				CODE_SIGN_STYLE = Automatic;
				DEVELOPMENT_TEAM = 39AV68P3TB;
				INFOPLIST_FILE = GMap_Apis/Info.plist;
				LD_RUNPATH_SEARCH_PATHS = (
					"$(inherited)",
					"@executable_path/Frameworks",
				);
				PRODUCT_BUNDLE_IDENTIFIER = "KVL.GMap-Apis";
				PRODUCT_NAME = "$(TARGET_NAME)";
				SWIFT_VERSION = 4.2;
				TARGETED_DEVICE_FAMILY = "1,2";
			};
			name = Debug;
		};
		8D1EE46D2210AA5F00E6FD99 /* Release */ = {
			isa = XCBuildConfiguration;
			baseConfigurationReference = 9E46B20318FE3E2DBCC05772 /* Pods-GMap_Apis.release.xcconfig */;
			buildSettings = {
				ASSETCATALOG_COMPILER_APPICON_NAME = AppIcon;
				CODE_SIGN_STYLE = Automatic;
				DEVELOPMENT_TEAM = 39AV68P3TB;
				INFOPLIST_FILE = GMap_Apis/Info.plist;
				LD_RUNPATH_SEARCH_PATHS = (
					"$(inherited)",
					"@executable_path/Frameworks",
				);
				PRODUCT_BUNDLE_IDENTIFIER = "KVL.GMap-Apis";
				PRODUCT_NAME = "$(TARGET_NAME)";
				SWIFT_VERSION = 4.2;
				TARGETED_DEVICE_FAMILY = "1,2";
			};
			name = Release;
		};
/* End XCBuildConfiguration section */

/* Begin XCConfigurationList section */
		8D1EE4542210AA5F00E6FD99 /* Build configuration list for PBXProject "GMap_Apis" */ = {
			isa = XCConfigurationList;
			buildConfigurations = (
				8D1EE4692210AA5F00E6FD99 /* Debug */,
				8D1EE46A2210AA5F00E6FD99 /* Release */,
			);
			defaultConfigurationIsVisible = 0;
			defaultConfigurationName = Release;
		};
		8D1EE46B2210AA5F00E6FD99 /* Build configuration list for PBXNativeTarget "GMap_Apis" */ = {
			isa = XCConfigurationList;
			buildConfigurations = (
				8D1EE46C2210AA5F00E6FD99 /* Debug */,
				8D1EE46D2210AA5F00E6FD99 /* Release */,
			);
			defaultConfigurationIsVisible = 0;
			defaultConfigurationName = Release;
		};
/* End XCConfigurationList section */
	};
	rootObject = 8D1EE4512210AA5F00E6FD99 /* Project object */;
}
